// !$*UTF8*$!
{
	archiveVersion = 1;
	classes = {
	};
	objectVersion = 50;
	objects = {

/* Begin PBXBuildFile section */
		424FC23E25B0B5820033D1CC /* AppDelegate.m in Sources */ = {isa = PBXBuildFile; fileRef = 424FC23D25B0B5820033D1CC /* AppDelegate.m */; };
		424FC24025B0B5820033D1CC /* GameScene.sks in Resources */ = {isa = PBXBuildFile; fileRef = 424FC23F25B0B5820033D1CC /* GameScene.sks */; };
		424FC24225B0B5820033D1CC /* Actions.sks in Resources */ = {isa = PBXBuildFile; fileRef = 424FC24125B0B5820033D1CC /* Actions.sks */; };
		424FC24525B0B5820033D1CC /* GameScene.m in Sources */ = {isa = PBXBuildFile; fileRef = 424FC24425B0B5820033D1CC /* GameScene.m */; };
		424FC24825B0B5820033D1CC /* GameViewController.m in Sources */ = {isa = PBXBuildFile; fileRef = 424FC24725B0B5820033D1CC /* GameViewController.m */; };
		424FC24B25B0B5820033D1CC /* Main.storyboard in Resources */ = {isa = PBXBuildFile; fileRef = 424FC24925B0B5820033D1CC /* Main.storyboard */; };
		424FC24D25B0B5840033D1CC /* Assets.xcassets in Resources */ = {isa = PBXBuildFile; fileRef = 424FC24C25B0B5840033D1CC /* Assets.xcassets */; };
		424FC25025B0B5840033D1CC /* main.m in Sources */ = {isa = PBXBuildFile; fileRef = 424FC24F25B0B5840033D1CC /* main.m */; };
		424FC25A25B0B5840033D1CC /* Torpedo_attackTests.m in Sources */ = {isa = PBXBuildFile; fileRef = 424FC25925B0B5840033D1CC /* Torpedo_attackTests.m */; };
		424FC26525B0B5840033D1CC /* Torpedo_attackUITests.m in Sources */ = {isa = PBXBuildFile; fileRef = 424FC26425B0B5840033D1CC /* Torpedo_attackUITests.m */; };
/* End PBXBuildFile section */

/* Begin PBXContainerItemProxy section */
		424FC25625B0B5840033D1CC /* PBXContainerItemProxy */ = {
			isa = PBXContainerItemProxy;
			containerPortal = 424FC23125B0B5820033D1CC /* Project object */;
			proxyType = 1;
			remoteGlobalIDString = 424FC23825B0B5820033D1CC;
			remoteInfo = "Torpedo attack";
		};
		424FC26125B0B5840033D1CC /* PBXContainerItemProxy */ = {
			isa = PBXContainerItemProxy;
			containerPortal = 424FC23125B0B5820033D1CC /* Project object */;
			proxyType = 1;
			remoteGlobalIDString = 424FC23825B0B5820033D1CC;
			remoteInfo = "Torpedo attack";
		};
/* End PBXContainerItemProxy section */

/* Begin PBXFileReference section */
		424FC23925B0B5820033D1CC /* Torpedo attack.app */ = {isa = PBXFileReference; explicitFileType = wrapper.application; includeInIndex = 0; path = "Torpedo attack.app"; sourceTree = BUILT_PRODUCTS_DIR; };
		424FC23C25B0B5820033D1CC /* AppDelegate.h */ = {isa = PBXFileReference; lastKnownFileType = sourcecode.c.h; path = AppDelegate.h; sourceTree = "<group>"; };
		424FC23D25B0B5820033D1CC /* AppDelegate.m */ = {isa = PBXFileReference; lastKnownFileType = sourcecode.c.objc; path = AppDelegate.m; sourceTree = "<group>"; };
		424FC23F25B0B5820033D1CC /* GameScene.sks */ = {isa = PBXFileReference; lastKnownFileType = file.sks; path = GameScene.sks; sourceTree = "<group>"; };
		424FC24125B0B5820033D1CC /* Actions.sks */ = {isa = PBXFileReference; lastKnownFileType = file.sks; path = Actions.sks; sourceTree = "<group>"; };
		424FC24325B0B5820033D1CC /* GameScene.h */ = {isa = PBXFileReference; lastKnownFileType = sourcecode.c.h; path = GameScene.h; sourceTree = "<group>"; };
		424FC24425B0B5820033D1CC /* GameScene.m */ = {isa = PBXFileReference; lastKnownFileType = sourcecode.c.objc; path = GameScene.m; sourceTree = "<group>"; };
		424FC24625B0B5820033D1CC /* GameViewController.h */ = {isa = PBXFileReference; lastKnownFileType = sourcecode.c.h; path = GameViewController.h; sourceTree = "<group>"; };
		424FC24725B0B5820033D1CC /* GameViewController.m */ = {isa = PBXFileReference; lastKnownFileType = sourcecode.c.objc; path = GameViewController.m; sourceTree = "<group>"; };
		424FC24A25B0B5820033D1CC /* Base */ = {isa = PBXFileReference; lastKnownFileType = file.storyboard; name = Base; path = Base.lproj/Main.storyboard; sourceTree = "<group>"; };
		424FC24C25B0B5840033D1CC /* Assets.xcassets */ = {isa = PBXFileReference; lastKnownFileType = folder.assetcatalog; path = Assets.xcassets; sourceTree = "<group>"; };
		424FC24E25B0B5840033D1CC /* Info.plist */ = {isa = PBXFileReference; lastKnownFileType = text.plist.xml; path = Info.plist; sourceTree = "<group>"; };
		424FC24F25B0B5840033D1CC /* main.m */ = {isa = PBXFileReference; lastKnownFileType = sourcecode.c.objc; path = main.m; sourceTree = "<group>"; };
		424FC25525B0B5840033D1CC /* Torpedo attackTests.xctest */ = {isa = PBXFileReference; explicitFileType = wrapper.cfbundle; includeInIndex = 0; path = "Torpedo attackTests.xctest"; sourceTree = BUILT_PRODUCTS_DIR; };
		424FC25925B0B5840033D1CC /* Torpedo_attackTests.m */ = {isa = PBXFileReference; lastKnownFileType = sourcecode.c.objc; path = Torpedo_attackTests.m; sourceTree = "<group>"; };
		424FC25B25B0B5840033D1CC /* Info.plist */ = {isa = PBXFileReference; lastKnownFileType = text.plist.xml; path = Info.plist; sourceTree = "<group>"; };
		424FC26025B0B5840033D1CC /* Torpedo attackUITests.xctest */ = {isa = PBXFileReference; explicitFileType = wrapper.cfbundle; includeInIndex = 0; path = "Torpedo attackUITests.xctest"; sourceTree = BUILT_PRODUCTS_DIR; };
		424FC26425B0B5840033D1CC /* Torpedo_attackUITests.m */ = {isa = PBXFileReference; lastKnownFileType = sourcecode.c.objc; path = Torpedo_attackUITests.m; sourceTree = "<group>"; };
		424FC26625B0B5840033D1CC /* Info.plist */ = {isa = PBXFileReference; lastKnownFileType = text.plist.xml; path = Info.plist; sourceTree = "<group>"; };
/* End PBXFileReference section */

/* Begin PBXFrameworksBuildPhase section */
		424FC23625B0B5820033D1CC /* Frameworks */ = {
			isa = PBXFrameworksBuildPhase;
			buildActionMask = 2147483647;
			files = (
			);
			runOnlyForDeploymentPostprocessing = 0;
		};
		424FC25225B0B5840033D1CC /* Frameworks */ = {
			isa = PBXFrameworksBuildPhase;
			buildActionMask = 2147483647;
			files = (
			);
			runOnlyForDeploymentPostprocessing = 0;
		};
		424FC25D25B0B5840033D1CC /* Frameworks */ = {
			isa = PBXFrameworksBuildPhase;
			buildActionMask = 2147483647;
			files = (
			);
			runOnlyForDeploymentPostprocessing = 0;
		};
/* End PBXFrameworksBuildPhase section */

/* Begin PBXGroup section */
		424FC23025B0B5820033D1CC = {
			isa = PBXGroup;
			children = (
				424FC23B25B0B5820033D1CC /* Torpedo attack */,
				424FC25825B0B5840033D1CC /* Torpedo attackTests */,
				424FC26325B0B5840033D1CC /* Torpedo attackUITests */,
				424FC23A25B0B5820033D1CC /* Products */,
			);
			sourceTree = "<group>";
		};
		424FC23A25B0B5820033D1CC /* Products */ = {
			isa = PBXGroup;
			children = (
				424FC23925B0B5820033D1CC /* Torpedo attack.app */,
				424FC25525B0B5840033D1CC /* Torpedo attackTests.xctest */,
				424FC26025B0B5840033D1CC /* Torpedo attackUITests.xctest */,
			);
			name = Products;
			sourceTree = "<group>";
		};
		424FC23B25B0B5820033D1CC /* Torpedo attack */ = {
			isa = PBXGroup;
			children = (
				424FC23C25B0B5820033D1CC /* AppDelegate.h */,
				424FC23D25B0B5820033D1CC /* AppDelegate.m */,
				424FC23F25B0B5820033D1CC /* GameScene.sks */,
				424FC24125B0B5820033D1CC /* Actions.sks */,
				424FC24325B0B5820033D1CC /* GameScene.h */,
				424FC24425B0B5820033D1CC /* GameScene.m */,
				424FC24625B0B5820033D1CC /* GameViewController.h */,
				424FC24725B0B5820033D1CC /* GameViewController.m */,
				424FC24925B0B5820033D1CC /* Main.storyboard */,
				424FC24C25B0B5840033D1CC /* Assets.xcassets */,
				424FC24E25B0B5840033D1CC /* Info.plist */,
				424FC24F25B0B5840033D1CC /* main.m */,
			);
			path = "Torpedo attack";
			sourceTree = "<group>";
		};
		424FC25825B0B5840033D1CC /* Torpedo attackTests */ = {
			isa = PBXGroup;
			children = (
				424FC25925B0B5840033D1CC /* Torpedo_attackTests.m */,
				424FC25B25B0B5840033D1CC /* Info.plist */,
			);
			path = "Torpedo attackTests";
			sourceTree = "<group>";
		};
		424FC26325B0B5840033D1CC /* Torpedo attackUITests */ = {
			isa = PBXGroup;
			children = (
				424FC26425B0B5840033D1CC /* Torpedo_attackUITests.m */,
				424FC26625B0B5840033D1CC /* Info.plist */,
			);
			path = "Torpedo attackUITests";
			sourceTree = "<group>";
		};
/* End PBXGroup section */

/* Begin PBXNativeTarget section */
		424FC23825B0B5820033D1CC /* Torpedo attack */ = {
			isa = PBXNativeTarget;
			buildConfigurationList = 424FC26925B0B5840033D1CC /* Build configuration list for PBXNativeTarget "Torpedo attack" */;
			buildPhases = (
				424FC23525B0B5820033D1CC /* Sources */,
				424FC23625B0B5820033D1CC /* Frameworks */,
				424FC23725B0B5820033D1CC /* Resources */,
			);
			buildRules = (
			);
			dependencies = (
			);
			name = "Torpedo attack";
			productName = "Torpedo attack";
			productReference = 424FC23925B0B5820033D1CC /* Torpedo attack.app */;
			productType = "com.apple.product-type.application";
		};
		424FC25425B0B5840033D1CC /* Torpedo attackTests */ = {
			isa = PBXNativeTarget;
			buildConfigurationList = 424FC26C25B0B5840033D1CC /* Build configuration list for PBXNativeTarget "Torpedo attackTests" */;
			buildPhases = (
				424FC25125B0B5840033D1CC /* Sources */,
				424FC25225B0B5840033D1CC /* Frameworks */,
				424FC25325B0B5840033D1CC /* Resources */,
			);
			buildRules = (
			);
			dependencies = (
				424FC25725B0B5840033D1CC /* PBXTargetDependency */,
			);
			name = "Torpedo attackTests";
			productName = "Torpedo attackTests";
			productReference = 424FC25525B0B5840033D1CC /* Torpedo attackTests.xctest */;
			productType = "com.apple.product-type.bundle.unit-test";
		};
		424FC25F25B0B5840033D1CC /* Torpedo attackUITests */ = {
			isa = PBXNativeTarget;
			buildConfigurationList = 424FC26F25B0B5840033D1CC /* Build configuration list for PBXNativeTarget "Torpedo attackUITests" */;
			buildPhases = (
				424FC25C25B0B5840033D1CC /* Sources */,
				424FC25D25B0B5840033D1CC /* Frameworks */,
				424FC25E25B0B5840033D1CC /* Resources */,
			);
			buildRules = (
			);
			dependencies = (
				424FC26225B0B5840033D1CC /* PBXTargetDependency */,
			);
			name = "Torpedo attackUITests";
			productName = "Torpedo attackUITests";
			productReference = 424FC26025B0B5840033D1CC /* Torpedo attackUITests.xctest */;
			productType = "com.apple.product-type.bundle.ui-testing";
		};
/* End PBXNativeTarget section */

/* Begin PBXProject section */
		424FC23125B0B5820033D1CC /* Project object */ = {
			isa = PBXProject;
			attributes = {
				LastUpgradeCheck = 1230;
				TargetAttributes = {
					424FC23825B0B5820033D1CC = {
						CreatedOnToolsVersion = 12.3;
					};
					424FC25425B0B5840033D1CC = {
						CreatedOnToolsVersion = 12.3;
						TestTargetID = 424FC23825B0B5820033D1CC;
					};
					424FC25F25B0B5840033D1CC = {
						CreatedOnToolsVersion = 12.3;
						TestTargetID = 424FC23825B0B5820033D1CC;
					};
				};
			};
			buildConfigurationList = 424FC23425B0B5820033D1CC /* Build configuration list for PBXProject "Torpedo attack" */;
			compatibilityVersion = "Xcode 9.3";
			developmentRegion = en;
			hasScannedForEncodings = 0;
			knownRegions = (
				en,
				Base,
			);
			mainGroup = 424FC23025B0B5820033D1CC;
			productRefGroup = 424FC23A25B0B5820033D1CC /* Products */;
			projectDirPath = "";
			projectRoot = "";
			targets = (
				424FC23825B0B5820033D1CC /* Torpedo attack */,
				424FC25425B0B5840033D1CC /* Torpedo attackTests */,
				424FC25F25B0B5840033D1CC /* Torpedo attackUITests */,
			);
		};
/* End PBXProject section */

/* Begin PBXResourcesBuildPhase section */
		424FC23725B0B5820033D1CC /* Resources */ = {
			isa = PBXResourcesBuildPhase;
			buildActionMask = 2147483647;
			files = (
				424FC24B25B0B5820033D1CC /* Main.storyboard in Resources */,
				424FC24025B0B5820033D1CC /* GameScene.sks in Resources */,
				424FC24D25B0B5840033D1CC /* Assets.xcassets in Resources */,
				424FC24225B0B5820033D1CC /* Actions.sks in Resources */,
			);
			runOnlyForDeploymentPostprocessing = 0;
		};
		424FC25325B0B5840033D1CC /* Resources */ = {
			isa = PBXResourcesBuildPhase;
			buildActionMask = 2147483647;
			files = (
			);
			runOnlyForDeploymentPostprocessing = 0;
		};
		424FC25E25B0B5840033D1CC /* Resources */ = {
			isa = PBXResourcesBuildPhase;
			buildActionMask = 2147483647;
			files = (
			);
			runOnlyForDeploymentPostprocessing = 0;
		};
/* End PBXResourcesBuildPhase section */

/* Begin PBXSourcesBuildPhase section */
		424FC23525B0B5820033D1CC /* Sources */ = {
			isa = PBXSourcesBuildPhase;
			buildActionMask = 2147483647;
			files = (
				424FC24525B0B5820033D1CC /* GameScene.m in Sources */,
				424FC24825B0B5820033D1CC /* GameViewController.m in Sources */,
				424FC25025B0B5840033D1CC /* main.m in Sources */,
				424FC23E25B0B5820033D1CC /* AppDelegate.m in Sources */,
			);
			runOnlyForDeploymentPostprocessing = 0;
		};
		424FC25125B0B5840033D1CC /* Sources */ = {
			isa = PBXSourcesBuildPhase;
			buildActionMask = 2147483647;
			files = (
				424FC25A25B0B5840033D1CC /* Torpedo_attackTests.m in Sources */,
			);
			runOnlyForDeploymentPostprocessing = 0;
		};
		424FC25C25B0B5840033D1CC /* Sources */ = {
			isa = PBXSourcesBuildPhase;
			buildActionMask = 2147483647;
			files = (
				424FC26525B0B5840033D1CC /* Torpedo_attackUITests.m in Sources */,
			);
			runOnlyForDeploymentPostprocessing = 0;
		};
/* End PBXSourcesBuildPhase section */

/* Begin PBXTargetDependency section */
		424FC25725B0B5840033D1CC /* PBXTargetDependency */ = {
			isa = PBXTargetDependency;
			target = 424FC23825B0B5820033D1CC /* Torpedo attack */;
			targetProxy = 424FC25625B0B5840033D1CC /* PBXContainerItemProxy */;
		};
		424FC26225B0B5840033D1CC /* PBXTargetDependency */ = {
			isa = PBXTargetDependency;
			target = 424FC23825B0B5820033D1CC /* Torpedo attack */;
			targetProxy = 424FC26125B0B5840033D1CC /* PBXContainerItemProxy */;
		};
/* End PBXTargetDependency section */

/* Begin PBXVariantGroup section */
		424FC24925B0B5820033D1CC /* Main.storyboard */ = {
			isa = PBXVariantGroup;
			children = (
				424FC24A25B0B5820033D1CC /* Base */,
			);
			name = Main.storyboard;
			sourceTree = "<group>";
		};
/* End PBXVariantGroup section */

/* Begin XCBuildConfiguration section */
		424FC26725B0B5840033D1CC /* Debug */ = {
			isa = XCBuildConfiguration;
			buildSettings = {
				ALWAYS_SEARCH_USER_PATHS = NO;
				CLANG_ANALYZER_NONNULL = YES;
				CLANG_ANALYZER_NUMBER_OBJECT_CONVERSION = YES_AGGRESSIVE;
				CLANG_CXX_LANGUAGE_STANDARD = "gnu++14";
				CLANG_CXX_LIBRARY = "libc++";
				CLANG_ENABLE_MODULES = YES;
				CLANG_ENABLE_OBJC_ARC = YES;
				CLANG_ENABLE_OBJC_WEAK = YES;
				CLANG_WARN_BLOCK_CAPTURE_AUTORELEASING = YES;
				CLANG_WARN_BOOL_CONVERSION = YES;
				CLANG_WARN_COMMA = YES;
				CLANG_WARN_CONSTANT_CONVERSION = YES;
				CLANG_WARN_DEPRECATED_OBJC_IMPLEMENTATIONS = YES;
				CLANG_WARN_DIRECT_OBJC_ISA_USAGE = YES_ERROR;
				CLANG_WARN_DOCUMENTATION_COMMENTS = YES;
				CLANG_WARN_EMPTY_BODY = YES;
				CLANG_WARN_ENUM_CONVERSION = YES;
				CLANG_WARN_INFINITE_RECURSION = YES;
				CLANG_WARN_INT_CONVERSION = YES;
				CLANG_WARN_NON_LITERAL_NULL_CONVERSION = YES;
				CLANG_WARN_OBJC_IMPLICIT_RETAIN_SELF = YES;
				CLANG_WARN_OBJC_LITERAL_CONVERSION = YES;
				CLANG_WARN_OBJC_ROOT_CLASS = YES_ERROR;
				CLANG_WARN_QUOTED_INCLUDE_IN_FRAMEWORK_HEADER = YES;
				CLANG_WARN_RANGE_LOOP_ANALYSIS = YES;
				CLANG_WARN_STRICT_PROTOTYPES = YES;
				CLANG_WARN_SUSPICIOUS_MOVE = YES;
				CLANG_WARN_UNGUARDED_AVAILABILITY = YES_AGGRESSIVE;
				CLANG_WARN_UNREACHABLE_CODE = YES;
				CLANG_WARN__DUPLICATE_METHOD_MATCH = YES;
				COPY_PHASE_STRIP = NO;
				DEBUG_INFORMATION_FORMAT = dwarf;
				ENABLE_STRICT_OBJC_MSGSEND = YES;
				ENABLE_TESTABILITY = YES;
				GCC_C_LANGUAGE_STANDARD = gnu11;
				GCC_DYNAMIC_NO_PIC = NO;
				GCC_NO_COMMON_BLOCKS = YES;
				GCC_OPTIMIZATION_LEVEL = 0;
				GCC_PREPROCESSOR_DEFINITIONS = (
					"DEBUG=1",
					"$(inherited)",
				);
				GCC_WARN_64_TO_32_BIT_CONVERSION = YES;
				GCC_WARN_ABOUT_RETURN_TYPE = YES_ERROR;
				GCC_WARN_UNDECLARED_SELECTOR = YES;
				GCC_WARN_UNINITIALIZED_AUTOS = YES_AGGRESSIVE;
				GCC_WARN_UNUSED_FUNCTION = YES;
				GCC_WARN_UNUSED_VARIABLE = YES;
				IPHONEOS_DEPLOYMENT_TARGET = 14.3;
				MTL_ENABLE_DEBUG_INFO = INCLUDE_SOURCE;
				MTL_FAST_MATH = YES;
				ONLY_ACTIVE_ARCH = YES;
				SDKROOT = iphoneos;
			};
			name = Debug;
		};
		424FC26825B0B5840033D1CC /* Release */ = {
			isa = XCBuildConfiguration;
			buildSettings = {
				ALWAYS_SEARCH_USER_PATHS = NO;
				CLANG_ANALYZER_NONNULL = YES;
				CLANG_ANALYZER_NUMBER_OBJECT_CONVERSION = YES_AGGRESSIVE;
				CLANG_CXX_LANGUAGE_STANDARD = "gnu++14";
				CLANG_CXX_LIBRARY = "libc++";
				CLANG_ENABLE_MODULES = YES;
				CLANG_ENABLE_OBJC_ARC = YES;
				CLANG_ENABLE_OBJC_WEAK = YES;
				CLANG_WARN_BLOCK_CAPTURE_AUTORELEASING = YES;
				CLANG_WARN_BOOL_CONVERSION = YES;
				CLANG_WARN_COMMA = YES;
				CLANG_WARN_CONSTANT_CONVERSION = YES;
				CLANG_WARN_DEPRECATED_OBJC_IMPLEMENTATIONS = YES;
				CLANG_WARN_DIRECT_OBJC_ISA_USAGE = YES_ERROR;
				CLANG_WARN_DOCUMENTATION_COMMENTS = YES;
				CLANG_WARN_EMPTY_BODY = YES;
				CLANG_WARN_ENUM_CONVERSION = YES;
				CLANG_WARN_INFINITE_RECURSION = YES;
				CLANG_WARN_INT_CONVERSION = YES;
				CLANG_WARN_NON_LITERAL_NULL_CONVERSION = YES;
				CLANG_WARN_OBJC_IMPLICIT_RETAIN_SELF = YES;
				CLANG_WARN_OBJC_LITERAL_CONVERSION = YES;
				CLANG_WARN_OBJC_ROOT_CLASS = YES_ERROR;
				CLANG_WARN_QUOTED_INCLUDE_IN_FRAMEWORK_HEADER = YES;
				CLANG_WARN_RANGE_LOOP_ANALYSIS = YES;
				CLANG_WARN_STRICT_PROTOTYPES = YES;
				CLANG_WARN_SUSPICIOUS_MOVE = YES;
				CLANG_WARN_UNGUARDED_AVAILABILITY = YES_AGGRESSIVE;
				CLANG_WARN_UNREACHABLE_CODE = YES;
				CLANG_WARN__DUPLICATE_METHOD_MATCH = YES;
				COPY_PHASE_STRIP = NO;
				DEBUG_INFORMATION_FORMAT = "dwarf-with-dsym";
				ENABLE_NS_ASSERTIONS = NO;
				ENABLE_STRICT_OBJC_MSGSEND = YES;
				GCC_C_LANGUAGE_STANDARD = gnu11;
				GCC_NO_COMMON_BLOCKS = YES;
				GCC_WARN_64_TO_32_BIT_CONVERSION = YES;
				GCC_WARN_ABOUT_RETURN_TYPE = YES_ERROR;
				GCC_WARN_UNDECLARED_SELECTOR = YES;
				GCC_WARN_UNINITIALIZED_AUTOS = YES_AGGRESSIVE;
				GCC_WARN_UNUSED_FUNCTION = YES;
				GCC_WARN_UNUSED_VARIABLE = YES;
				IPHONEOS_DEPLOYMENT_TARGET = 14.3;
				MTL_ENABLE_DEBUG_INFO = NO;
				MTL_FAST_MATH = YES;
				SDKROOT = iphoneos;
				VALIDATE_PRODUCT = YES;
			};
			name = Release;
		};
		424FC26A25B0B5840033D1CC /* Debug */ = {
			isa = XCBuildConfiguration;
			buildSettings = {
				ASSETCATALOG_COMPILER_APPICON_NAME = AppIcon;
				ASSETCATALOG_COMPILER_GLOBAL_ACCENT_COLOR_NAME = AccentColor;
				CODE_SIGN_STYLE = Automatic;
				DEVELOPMENT_TEAM = NZL832B6P7;
				INFOPLIST_FILE = "Torpedo attack/Info.plist";
				LD_RUNPATH_SEARCH_PATHS = (
					"$(inherited)",
					"@executable_path/Frameworks",
				);
				PRODUCT_BUNDLE_IDENTIFIER = "online.snsilak.Torpedo-attack";
				PRODUCT_NAME = "$(TARGET_NAME)";
				TARGETED_DEVICE_FAMILY = "1,2";
			};
			name = Debug;
		};
		424FC26B25B0B5840033D1CC /* Release */ = {
			isa = XCBuildConfiguration;
			buildSettings = {
				ASSETCATALOG_COMPILER_APPICON_NAME = AppIcon;
				ASSETCATALOG_COMPILER_GLOBAL_ACCENT_COLOR_NAME = AccentColor;
				CODE_SIGN_STYLE = Automatic;
				DEVELOPMENT_TEAM = NZL832B6P7;
				INFOPLIST_FILE = "Torpedo attack/Info.plist";
				LD_RUNPATH_SEARCH_PATHS = (
					"$(inherited)",
					"@executable_path/Frameworks",
				);
				PRODUCT_BUNDLE_IDENTIFIER = "online.snsilak.Torpedo-attack";
				PRODUCT_NAME = "$(TARGET_NAME)";
				TARGETED_DEVICE_FAMILY = "1,2";
			};
			name = Release;
		};
		424FC26D25B0B5840033D1CC /* Debug */ = {
			isa = XCBuildConfiguration;
			buildSettings = {
				BUNDLE_LOADER = "$(TEST_HOST)";
				CODE_SIGN_STYLE = Automatic;
				DEVELOPMENT_TEAM = NZL832B6P7;
				INFOPLIST_FILE = "Torpedo attackTests/Info.plist";
				IPHONEOS_DEPLOYMENT_TARGET = 14.3;
				LD_RUNPATH_SEARCH_PATHS = (
					"$(inherited)",
					"@executable_path/Frameworks",
					"@loader_path/Frameworks",
				);
				PRODUCT_BUNDLE_IDENTIFIER = "online.snsilak.Torpedo-attackTests";
				PRODUCT_NAME = "$(TARGET_NAME)";
				TARGETED_DEVICE_FAMILY = "1,2";
				TEST_HOST = "$(BUILT_PRODUCTS_DIR)/Torpedo attack.app/Torpedo attack";
			};
			name = Debug;
		};
		424FC26E25B0B5840033D1CC /* Release */ = {
			isa = XCBuildConfiguration;
			buildSettings = {
				BUNDLE_LOADER = "$(TEST_HOST)";
				CODE_SIGN_STYLE = Automatic;
				DEVELOPMENT_TEAM = NZL832B6P7;
				INFOPLIST_FILE = "Torpedo attackTests/Info.plist";
				IPHONEOS_DEPLOYMENT_TARGET = 14.3;
				LD_RUNPATH_SEARCH_PATHS = (
					"$(inherited)",
					"@executable_path/Frameworks",
					"@loader_path/Frameworks",
				);
				PRODUCT_BUNDLE_IDENTIFIER = "online.snsilak.Torpedo-attackTests";
				PRODUCT_NAME = "$(TARGET_NAME)";
				TARGETED_DEVICE_FAMILY = "1,2";
				TEST_HOST = "$(BUILT_PRODUCTS_DIR)/Torpedo attack.app/Torpedo attack";
			};
			name = Release;
		};
		424FC27025B0B5840033D1CC /* Debug */ = {
			isa = XCBuildConfiguration;
			buildSettings = {
				CODE_SIGN_STYLE = Automatic;
				DEVELOPMENT_TEAM = NZL832B6P7;
				INFOPLIST_FILE = "Torpedo attackUITests/Info.plist";
				LD_RUNPATH_SEARCH_PATHS = (
					"$(inherited)",
					"@executable_path/Frameworks",
					"@loader_path/Frameworks",
				);
				PRODUCT_BUNDLE_IDENTIFIER = "online.snsilak.Torpedo-attackUITests";
				PRODUCT_NAME = "$(TARGET_NAME)";
				TARGETED_DEVICE_FAMILY = "1,2";
				TEST_TARGET_NAME = "Torpedo attack";
			};
			name = Debug;
		};
		424FC27125B0B5840033D1CC /* Release */ = {
			isa = XCBuildConfiguration;
			buildSettings = {
				CODE_SIGN_STYLE = Automatic;
				DEVELOPMENT_TEAM = NZL832B6P7;
				INFOPLIST_FILE = "Torpedo attackUITests/Info.plist";
				LD_RUNPATH_SEARCH_PATHS = (
					"$(inherited)",
					"@executable_path/Frameworks",
					"@loader_path/Frameworks",
				);
				PRODUCT_BUNDLE_IDENTIFIER = "online.snsilak.Torpedo-attackUITests";
				PRODUCT_NAME = "$(TARGET_NAME)";
				TARGETED_DEVICE_FAMILY = "1,2";
				TEST_TARGET_NAME = "Torpedo attack";
			};
			name = Release;
		};
/* End XCBuildConfiguration section */

/* Begin XCConfigurationList section */
		424FC23425B0B5820033D1CC /* Build configuration list for PBXProject "Torpedo attack" */ = {
			isa = XCConfigurationList;
			buildConfigurations = (
				424FC26725B0B5840033D1CC /* Debug */,
				424FC26825B0B5840033D1CC /* Release */,
			);
			defaultConfigurationIsVisible = 0;
			defaultConfigurationName = Release;
		};
		424FC26925B0B5840033D1CC /* Build configuration list for PBXNativeTarget "Torpedo attack" */ = {
			isa = XCConfigurationList;
			buildConfigurations = (
				424FC26A25B0B5840033D1CC /* Debug */,
				424FC26B25B0B5840033D1CC /* Release */,
			);
			defaultConfigurationIsVisible = 0;
			defaultConfigurationName = Release;
		};
		424FC26C25B0B5840033D1CC /* Build configuration list for PBXNativeTarget "Torpedo attackTests" */ = {
			isa = XCConfigurationList;
			buildConfigurations = (
				424FC26D25B0B5840033D1CC /* Debug */,
				424FC26E25B0B5840033D1CC /* Release */,
			);
			defaultConfigurationIsVisible = 0;
			defaultConfigurationName = Release;
		};
		424FC26F25B0B5840033D1CC /* Build configuration list for PBXNativeTarget "Torpedo attackUITests" */ = {
			isa = XCConfigurationList;
			buildConfigurations = (
				424FC27025B0B5840033D1CC /* Debug */,
				424FC27125B0B5840033D1CC /* Release */,
			);
			defaultConfigurationIsVisible = 0;
			defaultConfigurationName = Release;
		};
/* End XCConfigurationList section */
	};
	rootObject = 424FC23125B0B5820033D1CC /* Project object */;
}
